version = 1
revision = 3
requires-python = ">3.13"
resolution-markers = [
    "python_full_version >= '3.14'",
    "python_full_version < '3.14'",
]

[[package]]
name = "annotated-doc"
version = "0.0.5"
source = { registry = "https://mirrors.cernet.edu.cn/pypi/web/simple" }
sdist = { url = "https://mirrors.sustech.edu.cn/pypi/web/packages/5a/8e/38aa427ed5402449e226975b649c5dc73ccadfefeb95e6aecb8f8ea4b6b6/annotated_doc-0.0.5.tar.gz", hash = "sha256:c7e58ce09192557605d8bbd92836d7e1d520ac9580096042c0bfd197efacf1bb" }
wheels = [
    { url = "https://mirrors.sustech.edu.cn/pypi/web/packages/3e/30/e900b21425a860e195f32e37657aa1f7c7f2b1bfb26f03ca209b90933c06/annotated_doc-0.0.5-py3-none-any.whl", hash = "sha256:117bac03a25ede5df5440e855b32d556049ca169ead221505badf432fed4b101" },
]

[[package]]
name = "annotated-types"
version = "0.8.0"
source = { registry = "https://mirrors.cernet.edu.cn/pypi/web/simple" }
sdist = { url = "https://mirrors.sustech.edu.cn/pypi/web/packages/5f/56/a8120250d128bed162cd73c76d45f6ef9991f3e068f62a8ee060afa3104a/annotated_types-0.8.0.tar.gz", hash = "sha256:13b2beaad985e05e2d6407ee4c4f35590b11f8d693a258a561055cac8f64cab7" }
wheels = [
    { url = "https://mirrors.sustech.edu.cn/pypi/web/packages/99/91/8acff4f5e50511b911bbccb72b8628a49c68ce14148cd9f6431094859a90/annotated_types-0.8.0-py3-none-any.whl", hash = "sha256:f072f4d804ea359e4eaf198b1af7a8b0943881a87f31bb764f8bf219bb9419e0" },
]

[[package]]
name = "anyio"
version = "4.15.1"
source = { registry = "https://mirrors.cernet.edu.cn/pypi/web/simple" }
dependencies = [
    { name = "idna" },
    { name = "typing-extensions", marker = "python_full_version < '3.15'" },
]
sdist = { url = "https://mirrors.sustech.edu.cn/pypi/web/packages/a9/d2/f4d173e22df740bc37b1db102b386ba719b66e95b0f0d751f556b387e6d2/anyio-4.15.1.tar.gz", hash = "sha256:9f28306018cbd6d329e64a36d58256edff76dd996fe423bc957326e578b82a94" }
wheels = [
    { url = "https://mirrors.sustech.edu.cn/pypi/web/packages/12/b8/4bd346e22b28902df4d651910f5242c28d84e4a5c2435ca5c3f797ed7e2e/anyio-4.15.1-py3-none-any.whl", hash = "sha256:6152fdbbf9a77fdec97731721bebf7c4c44f7c29b424b0065826173efc7ed101" },
]

[[package]]
name = "certifi"
version = "2026.7.22"
source = { registry = "https://mirrors.cernet.edu.cn/pypi/web/simple" }
sdist = { url = "https://mirrors.sustech.edu.cn/pypi/web/packages/a3/c2/24167ea9858356b47a87a50d39908bfdb72ceeefe0041586e704e5376b3a/certifi-2026.7.22.tar.gz", hash = "sha256:741e2c3b351ddf169a738da9f2c048608ff7f2c5cc02f1ebc6b118bb090d5d55" }
wheels = [
    { url = "https://mirrors.sustech.edu.cn/pypi/web/packages/0b/a7/71ac2cff56fec219ed242bb11b8efb69fcc4bec75db06fb7bfe35de520e6/certifi-2026.7.22-py3-none-any.whl", hash = "sha256:62f22742b58a1a33014a2b6b706588a8d7e2a88ae7bd1a6ebe8c992928483775" },
]

[[package]]
name = "click"
version = "8.5.0"
source = { registry = "https://mirrors.cernet.edu.cn/pypi/web/simple" }
sdist = { url = "https://mirrors.sustech.edu.cn/pypi/web/packages/c7/0e/7fa0ef50764b67090eca4114772a2abf8b6148198475e54c660b97caeee6/click-8.5.0.tar.gz", hash = "sha256:ba0d2089de75ea0310e2dde03160e6ca10009947fb95a182f9b54021bb272e34" }
wheels = [
    { url = "https://mirrors.sustech.edu.cn/pypi/web/packages/58/50/6c0d534c5f134586a8e1ba4e330569e32f057e33372ae556463212fb4cd3/click-8.5.0-py3-none-any.whl", hash = "sha256:255bc9599cf7748b4b1a446ccc735421bd08a2ae529a8b88597d3de5664ee360" },
]

[[package]]
name = "colorama"
version = "0.4.6"
source = { registry = "https://mirrors.cernet.edu.cn/pypi/web/simple" }
sdist = { url = "https://mirrors.sustech.edu.cn/pypi/web/packages/d8/53/6f443c9a4a8358a93a6792e2acffb9d9d5cb0a5cfd8802644b7b1c9a02e4/colorama-0.4.6.tar.gz", hash = "sha256:08695f5cb7ed6e0531a20572697297273c47b8cae5a63ffc6d6ed5c201be6e44" }
wheels = [
    { url = "https://mirrors.sustech.edu.cn/pypi/web/packages/d1/d6/3965ed04c63042e047cb6a3e6ed1a63a35087b6a609aa3a15ed8ac56c221/colorama-0.4.6-py2.py3-none-any.whl", hash = "sha256:4f1d9991f5acc0ca119f9d443620b77f9d6b33703e51011c16baf57afb285fc6" },
]

[[package]]
name = "fastapi"
version = "0.143.0"
source = { registry = "https://mirrors.cernet.edu.cn/pypi/web/simple" }
dependencies = [
    { name = "annotated-doc" },
    { name = "opentelemetry-api" },
    { name = "pydantic" },
    { name = "starlette" },
    { name = "typing-extensions" },
    { name = "typing-inspection" },
]
sdist = { url = "https://mirrors.sustech.edu.cn/pypi/web/packages/0b/d7/6a8753ab6c1d432dc53703c3e1b92974a94531b7d047c32bbaae461ea844/fastapi-0.143.0.tar.gz", hash = "sha256:1acffe48206a80917cf7dac21992b5c44b25384e8902bf745c1fd9dabcf6c51f" }
wheels = [
    { url = "https://mirrors.sustech.edu.cn/pypi/web/packages/bd/f4/27e386913417ad32aae42bba48b0c0cce40e9ff2fba1a871ca2702c37324/fastapi-0.143.0-py3-none-any.whl", hash = "sha256:3e9395fd35276425b61b516a31fdd7c77fe2af83e41b4da22e30696fb1304c5d" },
]

[[package]]
name = "h11"
version = "0.16.0"
source = { registry = "https://mirrors.cernet.edu.cn/pypi/web/simple" }
sdist = { url = "https://mirrors.sustech.edu.cn/pypi/web/packages/01/ee/02a2c011bdab74c6fb3c75474d40b3052059d95df7e73351460c8588d963/h11-0.16.0.tar.gz", hash = "sha256:4e35b956cf45792e4caa5885e69fba00bdbc6ffafbfa020300e549b208ee5ff1" }
wheels = [
    { url = "https://mirrors.sustech.edu.cn/pypi/web/packages/04/4b/29cac41a4d98d144bf5f6d33995617b185d14b22401f75ca86f384e87ff1/h11-0.16.0-py3-none-any.whl", hash = "sha256:63cf8bbe7522de3bf65932fda1d9c2772064ffb3dae62d55932da54b31cb6c86" },
]

[[package]]
name = "httpcore"
version = "1.0.9"
source = { registry = "https://mirrors.cernet.edu.cn/pypi/web/simple" }
dependencies = [
    { name = "certifi" },
    { name = "h11" },
]
sdist = { url = "https://mirrors.sustech.edu.cn/pypi/web/packages/06/94/82699a10bca87a5556c9c59b5963f2d039dbd239f25bc2a63907a05a14cb/httpcore-1.0.9.tar.gz", hash = "sha256:6e34463af53fd2ab5d807f399a9b45ea31c3dfa2276f15a2c3f00afff6e176e8" }
wheels = [
    { url = "https://mirrors.sustech.edu.cn/pypi/web/packages/7e/f5/f66802a942d491edb555dd61e3a9961140fd64c90bce1eafd741609d334d/httpcore-1.0.9-py3-none-any.whl", hash = "sha256:2d400746a40668fc9dec9810239072b40b4484b640a8c38fd654a024c7a1bf55" },
]

[[package]]
name = "httpx"
version = "0.28.1"
source = { registry = "https://mirrors.cernet.edu.cn/pypi/web/simple" }
dependencies = [
    { name = "anyio" },
    { name = "certifi" },
    { name = "httpcore" },
    { name = "idna" },
]
sdist = { url = "https://mirrors.sustech.edu.cn/pypi/web/packages/b1/df/48c586a5fe32a0f01324ee087459e112ebb7224f646c0b5023f5e79e9956/httpx-0.28.1.tar.gz", hash = "sha256:75e98c5f16b0f35b567856f597f06ff2270a374470a5c2392242528e3e3e42fc" }
wheels = [
    { url = "https://mirrors.sustech.edu.cn/pypi/web/packages/2a/39/e50c7c3a983047577ee07d2a9e53faf5a69493943ec3f6a384bdc792deb2/httpx-0.28.1-py3-none-any.whl", hash = "sha256:d909fcccc110f8c7faf814ca82a9a4d816bc5a6dbfea25d6591d6985b8ba59ad" },
]

[[package]]
name = "idna"
version = "3.20"
source = { registry = "https://mirrors.cernet.edu.cn/pypi/web/simple" }
sdist = { url = "https://mirrors.sustech.edu.cn/pypi/web/packages/f5/08/8eea9d4b8302028f3abb2c0813953f7aec26d33b7a8960ed760e65ff29fa/idna-3.20.tar.gz", hash = "sha256:a7db850025b95ded1eae8a46181a1a6c56c92c96f0e2b005d9ff8dc0210cab44" }
wheels = [
    { url = "https://mirrors.sustech.edu.cn/pypi/web/packages/58/a2/bb081bab032533a855d44de1d56f8e8426114ff1ba5d1f07a438a0a654f8/idna-3.20-py3-none-any.whl", hash = "sha256:ab7ae7122974553370f0bdb919e1a960b2cd1bc1ef0276416d896db81c14582c" },
]

[[package]]
name = "imgapi"
version = "1.0.0"
source = { virtual = "." }
dependencies = [
    { name = "fastapi" },
    { name = "httpx" },
    { name = "loguru" },
    { name = "pydantic" },
    { name = "pyyaml" },
    { name = "user-agents" },
    { name = "uvicorn" },
]

[package.metadata]
requires-dist = [
    { name = "fastapi", specifier = ">=0.143.0" },
    { name = "httpx", specifier = ">=0.28.1" },
    { name = "loguru", specifier = ">=0.7.3" },
    { name = "pydantic", specifier = ">=2.11.9" },
    { name = "pyyaml", specifier = ">=6.0.3" },
    { name = "user-agents", specifier = ">=2.2.0" },
    { name = "uvicorn", specifier = ">=0.37.0" },
]

[[package]]
name = "loguru"
version = "0.7.3"
source = { registry = "https://mirrors.cernet.edu.cn/pypi/web/simple" }
dependencies = [
    { name = "colorama", marker = "sys_platform == 'win32'" },
    { name = "win32-setctime", marker = "sys_platform == 'win32'" },
]
sdist = { url = "https://mirrors.sustech.edu.cn/pypi/web/packages/3a/05/a1dae3dffd1116099471c643b8924f5aa6524411dc6c63fdae648c4f1aca/loguru-0.7.3.tar.gz", hash = "sha256:19480589e77d47b8d85b2c827ad95d49bf31b0dcde16593892eb51dd18706eb6" }
wheels = [
    { url = "https://mirrors.sustech.edu.cn/pypi/web/packages/0c/29/0348de65b8cc732daa3e33e67806420b2ae89bdce2b04af740289c5c6c8c/loguru-0.7.3-py3-none-any.whl", hash = "sha256:31a33c10c8e1e10422bfd431aeb5d351c7cf7fa671e3c4df004162264b28220c" },
]

[[package]]
name = "opentelemetry-api"
version = "1.45.1"
source = { registry = "https://mirrors.cernet.edu.cn/pypi/web/simple" }
dependencies = [
    { name = "typing-extensions" },
]
sdist = { url = "https://mirrors.sustech.edu.cn/pypi/web/packages/2e/02/6e0ae9cc61bd3169d401077b507b3ebc344745171e1051ab430be012dcd9/opentelemetry_api-1.45.1.tar.gz", hash = "sha256:aa38ed19bcc084ba42782a73255b3582283eced7ad6dddbd6695189e69adfb75" }
wheels = [
    { url = "https://mirrors.sustech.edu.cn/pypi/web/packages/1e/41/f7dcf80b81ee8e71c1a2b59f14208bc723edbd89ed027a73b175abf6348e/opentelemetry_api-1.45.1-py3-none-any.whl", hash = "sha256:b31553efa588ae44bc306f863c785c5333a9ecc091248c6ee68b4b6c87fdedfb" },
]

[[package]]
name = "pydantic"
version = "2.14.0"
source = { registry = "https://mirrors.cernet.edu.cn/pypi/web/simple" }
dependencies = [
    { name = "annotated-types" },
    { name = "pydantic-core" },
    { name = "typing-extensions" },
    { name = "typing-inspection" },
]
sdist = { url = "https://mirrors.sustech.edu.cn/pypi/web/packages/6b/fb/6e44b63b26efea1cec48c26d8362313310202ef5ed6e7a52f1669e64e2cd/pydantic-2.14.0.tar.gz", hash = "sha256:8a51a7aaddd60f55566d1f07bdd87b92b463903f39a8f26b71a06314cd1548ae" }
wheels = [
    { url = "https://mirrors.sustech.edu.cn/pypi/web/packages/2d/eb/9146591cc819d040475bf7f2be786710c7f7eb8083693bf859728da2ca9c/pydantic-2.14.0-py3-none-any.whl", hash = "sha256:15fab1bea6f1dc5003b54fc2ecab230c1fd1dbade2acd4addc52d81e32416d4b" },
]

[[package]]
name = "pydantic-core"
version = "2.50.0"
source = { registry = "https://mirrors.cernet.edu.cn/pypi/web/simple" }
dependencies = [
    { name = "typing-extensions" },
]
sdist = { url = "https://mirrors.sustech.edu.cn/pypi/web/packages/e6/6d/196e8c819e0e934f35a1a33b3530396feadb0af4ca38fe9f995249e55794/pydantic_core-2.50.0.tar.gz", hash = "sha256:84d2d38f7d163c4dec292f379e9de1960c661795442aca6c90d706436cb3749e" }
wheels = [
    { url = "https://mirrors.sustech.edu.cn/pypi/web/packages/81/25/f9a6958f73d92f66d620e3e1b091becf6b7a2ea89437118d397e2c6ca9ba/pydantic_core-2.50.0-cp313-cp313-macosx_10_12_x86_64.whl", hash = "sha256:049b0404792dcb942f1092bfdae5f819ef30445b0d174782e1909fbdd91bb48b" },
    { url = "https://mirrors.sustech.edu.cn/pypi/web/packages/c5/41/7f299b2ecf0ddbec8c2a68057ed53d29458ea5b0850615570849c454dd89/pydantic_core-2.50.0-cp313-cp313-macosx_11_0_arm64.whl", hash = "sha256:8f16bc5bb12f4c581b0f40facc28dbf286db32d1bf4e7e4f4c4e0f7f4e34ecf9" },
    { url = "https://mirrors.sustech.edu.cn/pypi/web/packages/89/db/a9852fa8780acca5dd81a21bb66d4b2fb41c39dc5672cec66c32cc7f13e9/pydantic_core-2.50.0-cp313-cp313-manylinux_2_17_aarch64.manylinux2014_aarch64.whl", hash = "sha256:d1d084e92d0f4a096a5155b23d1ac603db8073ef98a3d1384badf1455e5ae742" },
    { url = "https://mirrors.sustech.edu.cn/pypi/web/packages/90/82/cd174e776e71ebcb1d289a57cb3e89565123a84c5708865e12efa82313f9/pydantic_core-2.50.0-cp313-cp313-manylinux_2_17_armv7l.manylinux2014_armv7l.whl", hash = "sha256:f0af2d2f745ec00a6616c4dfba4477f9156ccfb45690f6ffa5fd34f42e871ed4" },
    { url = "https://mirrors.sustech.edu.cn/pypi/web/packages/5a/5c/9c4b2aea09ec7b7af966e79631b1970f1adeb6a8ed001bc8bb64a2d1c23d/pydantic_core-2.50.0-cp313-cp313-manylinux_2_17_ppc64le.manylinux2014_ppc64le.whl", hash = "sha256:2f28a5a299d4cefd1066a6883d22600b9ae3606f881c3015d255784634647580" },
    { url = "https://mirrors.sustech.edu.cn/pypi/web/packages/28/d9/93afd007b61c50425c3c8f0402425779341c8d498bd224e5788eaf419c4c/pydantic_core-2.50.0-cp313-cp313-manylinux_2_17_s390x.manylinux2014_s390x.whl", hash = "sha256:bdd70c2d9e73bca09fad54605dfeaae2b4e770b2800c65f5f5342901ed567b9f" },
    { url = "https://mirrors.sustech.edu.cn/pypi/web/packages/c9/93/a4ef199535547aaa7c5d2cbf009a1d6a2b252885b14c6e70404e1c661716/pydantic_core-2.50.0-cp313-cp313-manylinux_2_17_x86_64.manylinux2014_x86_64.whl", hash = "sha256:e58acd43ac8d3905659c1d5309318dd576243e723dd7c3b5dd4f555479b77d4b" },
    { url = "https://mirrors.sustech.edu.cn/pypi/web/packages/de/20/f216e028d3bfbd9f8c67f7a2f0f8db04240926f630e2e66a5a8ac45fe00d/pydantic_core-2.50.0-cp313-cp313-manylinux_2_31_riscv64.whl", hash = "sha256:5a07c644047f5abc268b4c39f8cb5a30e08a3c349228cb70142c7d3ed87587c0" },
    { url = "https://mirrors.sustech.edu.cn/pypi/web/packages/56/3f/57a6acf26e0acb82238ba4e25b35cbd6013b1d74eac99c4f358ff56bf6d6/pydantic_core-2.50.0-cp313-cp313-manylinux_2_5_i686.manylinux1_i686.whl", hash = "sha256:8ad8dad549cd1645be591a50b4573995ee7e018f6619ddc2bc6ea44b2ad9f694" },
    { url = "https://mirrors.sustech.edu.cn/pypi/web/packages/94/41/f5f4014b40f91db4479e87dc038ac48a460a60baadea7ff9c942bc64dc62/pydantic_core-2.50.0-cp313-cp313-musllinux_1_1_aarch64.whl", hash = "sha256:1773001198030e16f946a7ff7760fc3ebd45b12150f66fd0f433780043dc13d8" },
    { url = "https://mirrors.sustech.edu.cn/pypi/web/packages/f8/fa/485e4db093e10f29676fc696abf9d88f3626ee520e99cc488fb091222db9/pydantic_core-2.50.0-cp313-cp313-musllinux_1_1_armv7l.whl", hash = "sha256:8ab9e74878172948e0426e3d27fba333fd6a1c3f9456d8e75643e8e6868ac1a1" },
    { url = "https://mirrors.sustech.edu.cn/pypi/web/packages/d3/48/fd07063cfc65e498528cea59b27b979eb5c890a54dcf5bb19ab0a589516d/pydantic_core-2.50.0-cp313-cp313-musllinux_1_1_x86_64.whl", hash = "sha256:e15bb1535f68a27f28e579ba3a8f74e7b05d350c45f5622b76a311d5a19ae48a" },
    { url = "https://mirrors.sustech.edu.cn/pypi/web/packages/fa/96/6f34c285dc87ed2fae5f1b53c51bb732eda21dc0c6c73d6a5d9dcc7033cd/pydantic_core-2.50.0-cp313-cp313-win32.whl", hash = "sha256:c21e6a6e4e6d32fb6acbc4f0fa69e8319cac0d65eeaa8298d757371cc2a9c687" },
    { url = "https://mirrors.sustech.edu.cn/pypi/web/packages/5e/50/dbdb3ba6699d494e59db2f145aeb97990e28d1503bc9f7bdd57eb4c15677/pydantic_core-2.50.0-cp313-cp313-win_amd64.whl", hash = "sha256:4f96ccd9368ecbf6685d8f6981584ab72b4f0ffd20685e747737e7e340277b8d" },
    { url = "https://mirrors.sustech.edu.cn/pypi/web/packages/7d/ae/cfe0e52a9b45b5ba12b3a839db928669543948760a059a72f13cf0346c29/pydantic_core-2.50.0-cp313-cp313-win_arm64.whl", hash = "sha256:a2b88f9f9fa52e1c34938ff1a18ee7fbffe482df0bb43c087a9a60578d273d68" },
    { url = "https://mirrors.sustech.edu.cn/pypi/web/packages/59/d9/6dd838672e5ccddf01556bfd1b4a6767e0c75abf9aaa4092cb87a56dbc4a/pydantic_core-2.50.0-cp314-cp314-macosx_10_12_x86_64.whl", hash = "sha256:62a93a9d206a3580c975c3c1f65a869cd063844d016c004f8d786a9309b3c591" },
    { url = "https://mirrors.sustech.edu.cn/pypi/web/packages/b3/20/c57d2efcc63fb8fb6ae9ec2818baf30e2a68751e8d1dedefaf3dab2e45fd/pydantic_core-2.50.0-cp314-cp314-macosx_11_0_arm64.whl", hash = "sha256:5a8403eef4a66743e339102fb3cdd8c8b9016b8bd67924685893d062c88896f9" },
    { url = "https://mirrors.sustech.edu.cn/pypi/web/packages/26/c8/f44ea3f1b00288f715e2320cbcd0f604104325370ef4bee42c5ed2ab076e/pydantic_core-2.50.0-cp314-cp314-manylinux_2_17_aarch64.manylinux2014_aarch64.whl", hash = "sha256:d8354fbbe2abf0fb724b9303bef43bfd9b7a2779332813fa6d6559983954e7d8" },
    { url = "https://mirrors.sustech.edu.cn/pypi/web/packages/74/5c/2f5cf84ceaf6d7c351737124aebc135f50ce48a9dd28d2b5283103face54/pydantic_core-2.50.0-cp314-cp314-manylinux_2_17_armv7l.manylinux2014_armv7l.whl", hash = "sha256:00963fde61cf8880d9e7b5635a9830e0591edfa45168447fdc5b47635c0f6437" },
    { url = "https://mirrors.sustech.edu.cn/pypi/web/packages/97/de/dc0bd815a328e62b72bb93b5f3c762939670d4119fd27405b454970833da/pydantic_core-2.50.0-cp314-cp314-manylinux_2_17_ppc64le.manylinux2014_ppc64le.whl", hash = "sha256:1bbd7da16d8b2912cc56c9d0b85c4998a6cbf39b220f81c0d8c397c64672ae0e" },
    { url = "https://mirrors.sustech.edu.cn/pypi/web/packages/ca/a5/458c4a29f52fdecb16b192fb27f117359da9c9c58401ebfd956637822dca/pydantic_core-2.50.0-cp314-cp314-manylinux_2_17_s390x.manylinux2014_s390x.whl", hash = "sha256:ed557fa2744617eac3e34dd39b85037efbf23cd33f06851c00fdb8f18ad8f4c2" },
    { url = "https://mirrors.sustech.edu.cn/pypi/web/packages/98/14/0c0e72e0663be91a456167a2f7ed49c65195b388e8f1e8b2bb5083b27458/pydantic_core-2.50.0-cp314-cp314-manylinux_2_17_x86_64.manylinux2014_x86_64.whl", hash = "sha256:59f816dc04e99627a5a6352ae51dfb30e603f2cb0b7009c91dc640c533def014" },
    { url = "https://mirrors.sustech.edu.cn/pypi/web/packages/62/7f/64af6921e17ed04dda0e07ebbd394b29fb557d33618cb0f3f81ec59c0508/pydantic_core-2.50.0-cp314-cp314-manylinux_2_31_riscv64.whl", hash = "sha256:779b6c74526596a86d38248dedaecfb7851bbaf319c234be042c57acddd2c8c4" },
    { url = "https://mirrors.sustech.edu.cn/pypi/web/packages/82/11/b6ff9f7207af629094f4deac947d04be3812d5c95054010ad8f710a052f0/pydantic_core-2.50.0-cp314-cp314-manylinux_2_5_i686.manylinux1_i686.whl", hash = "sha256:21b62d45f327eb0802f842c132fda6d01a8376a8077922dc4dda69011c64d34a" },
    { url = "https://mirrors.sustech.edu.cn/pypi/web/packages/8e/37/6f7101f3c746a1686987a32875ae2f7c19f518d783979cee1a8a32e0a9ef/pydantic_core-2.50.0-cp314-cp314-musllinux_1_1_aarch64.whl", hash = "sha256:4f31af62efd1fd0257735b72e6716b32d4f207654adeabfe524d44baf1bb6bed" },
    { url = "https://mirrors.sustech.edu.cn/pypi/web/packages/d2/74/67fe208f3ec7f5d8c47bf7cba70019a84b1cffad947ebc8caef14271b54f/pydantic_core-2.50.0-cp314-cp314-musllinux_1_1_armv7l.whl", hash = "sha256:933f2d639eb81a3e1f145aec415453cc00983236629933f028d9507222583a2e" },
    { url = "https://mirrors.sustech.edu.cn/pypi/web/packages/cd/10/4a9c56a69f5841bdd94ffff5876a12ad2733209d5b89cadb67638d69e7c7/pydantic_core-2.50.0-cp314-cp314-musllinux_1_1_x86_64.whl", hash = "sha256:c05d035e72530f6b00297941b0162218601542b76870c3bf2756bd87f16fc538" },
    { url = "https://mirrors.sustech.edu.cn/pypi/web/packages/bf/c1/30d36746051e42bb67df986ee874f787526edb99205f6b1583c33dd81202/pydantic_core-2.50.0-cp314-cp314-pyemscripten_2026_0_wasm32.whl", hash = "sha256:ab3f95f737fc1b258b8210308fc02ce1442cf5950cf6d30b09ad89ab9e8afebd" },
    { url = "https://mirrors.sustech.edu.cn/pypi/web/packages/04/2c/c0e8949be4f99a74f02ae02d603bdd518c8a9eba72982a34d675134a792a/pydantic_core-2.50.0-cp314-cp314-win32.whl", hash = "sha256:f12d9690634414fc04b1a7072fdc35c34a9242232c1851fe4518383578bb09d4" },
    { url = "https://mirrors.sustech.edu.cn/pypi/web/packages/ea/6f/a5a5baf99509c998e0f2335d66b815880c7d6c63231c8e4017b237d6837d/pydantic_core-2.50.0-cp314-cp314-win_amd64.whl", hash = "sha256:63263d64884688554fb025a3906c7b00573980cfee75f9afeb86239d577384bc" },
    { url = "https://mirrors.sustech.edu.cn/pypi/web/packages/40/bc/c89b93b69d59cfe61c1e91b1cd3d87cc740e57327ecfef84ce34b7dcadac/pydantic_core-2.50.0-cp314-cp314-win_arm64.whl", hash = "sha256:753863dd4317ec8cc9eb3e6d9d01a8ef1a1726a8003b4354658d68a1ae05f9db" },
    { url = "https://mirrors.sustech.edu.cn/pypi/web/packages/ff/5e/d0ad47a406c42db95876900f4bfc520313c28d07a0dd5080da4972220c27/pydantic_core-2.50.0-cp314-cp314t-macosx_10_12_x86_64.whl", hash = "sha256:c4abc425789f8540e86ca4cfdbc8dc650433cc2ac7c6136fee9bcb29d5665a02" },
    { url = "https://mirrors.sustech.edu.cn/pypi/web/packages/ae/f4/69a7ec8400c1e34e5e11ab967f850ffd8ca71bb3aa0a8db93df5912bb6f2/pydantic_core-2.50.0-cp314-cp314t-macosx_11_0_arm64.whl", hash = "sha256:cf150693a51ca21e8288cd08a9de05e5ab331776dfcfd0537b14523338f0502a" },
    { url = "https://mirrors.sustech.edu.cn/pypi/web/packages/d3/f1/860bb499f7cdf4bb453e8080af5bc182487f2f025d94baeee29c907bde6f/pydantic_core-2.50.0-cp314-cp314t-manylinux_2_17_aarch64.manylinux2014_aarch64.whl", hash = "sha256:158749408ee19682b8a2a7e7135cced7f41d6f2f9de96088b1b1609858a6a158" },
    { url = "https://mirrors.sustech.edu.cn/pypi/web/packages/89/fd/f571420436e79b9f7cc8f8ec534dee1759c240b4dc086737608f14d05c93/pydantic_core-2.50.0-cp314-cp314t-manylinux_2_17_armv7l.manylinux2014_armv7l.whl", hash = "sha256:dcbd1fe5083315243447c13f7252ae9fe9d128b1ae2857e3a916c609235dd863" },
    { url = "https://mirrors.sustech.edu.cn/pypi/web/packages/cc/94/b47c4a01ea978a7a3d02551e3625f0344ae1352d67ea78011c2eca5e39e4/pydantic_core-2.50.0-cp314-cp314t-manylinux_2_17_ppc64le.manylinux2014_ppc64le.whl", hash = "sha256:0fdeda6272d60b1f6fb63f6a3dade55e274af62e1514d24a6549a12150c385cc" },
    { url = "https://mirrors.sustech.edu.cn/pypi/web/packages/77/61/d109f26b3ee4443cca220eaaa4f3fbcf78ff07aeb577becc37d9224db63f/pydantic_core-2.50.0-cp314-cp314t-manylinux_2_17_s390x.manylinux2014_s390x.whl", hash = "sha256:8b16e164205a90b1050d2f5469f8a7829db7698ad198c69e6aab6cbfb5648b87" },
    { url = "https://mirrors.sustech.edu.cn/pypi/web/packages/de/a4/7be2f608f6f8e7655155057a82a7e2f135ad9b37fcbadd34fdf11b1ade24/pydantic_core-2.50.0-cp314-cp314t-manylinux_2_17_x86_64.manylinux2014_x86_64.whl", hash = "sha256:17a5ca9c197788a6424749a09a3dce824cb2c17b72f835f8a5e330935b973609" },
    { url = "https://mirrors.sustech.edu.cn/pypi/web/packages/80/ef/a8d867f6d3981c232d0f3c2254458cdee8471de7bff3f7edd252cc00c30c/pydantic_core-2.50.0-cp314-cp314t-manylinux_2_31_riscv64.whl", hash = "sha256:01340f4fbb4f854b1f36a6fe9dcd2b26c8936aead4e4ad1205624ac025c875fc" },
    { url = "https://mirrors.sustech.edu.cn/pypi/web/packages/9f/a6/7297a39c8814beab877be5ba4f594c2e166108cdd20c1f1c51fb71d5389e/pydantic_core-2.50.0-cp314-cp314t-manylinux_2_5_i686.manylinux1_i686.whl", hash = "sha256:99e203d5c2a814facef78dcd993b0fb7a933124a3475a38979fc09cceae210b7" },
    { url = "https://mirrors.sustech.edu.cn/pypi/web/packages/c3/65/634fc407eaf61abec0d015d6fd4fd8456c18c71358e984f60b0a05092d49/pydantic_core-2.50.0-cp314-cp314t-musllinux_1_1_aarch64.whl", hash = "sha256:2092ce156f92aff17e3345baba2b7c0c1701f32ba922c5de71bd6248fbe164e3" },
    { url = "https://mirrors.sustech.edu.cn/pypi/web/packages/3a/04/b87fcf8062b8907c77769385a4340a814fe359660593dbbe4d8f3f7e9e61/pydantic_core-2.50.0-cp314-cp314t-musllinux_1_1_armv7l.whl", hash = "sha256:74cbb6cbd74445ca279668790e0c10eccac0428fd79fe061fce6c9e3982ad3fe" },
    { url = "https://mirrors.sustech.edu.cn/pypi/web/packages/77/f4/d7aacec95f9e00dcbad84bee2fd0fc081ae292d380dc8a3268e4103de957/pydantic_core-2.50.0-cp314-cp314t-musllinux_1_1_x86_64.whl", hash = "sha256:42fff617cb0b08505d8123d71e6e7a8e54210d9007498f564855bd843ce984b1" },
    { url = "https://mirrors.sustech.edu.cn/pypi/web/packages/a0/d8/0a755b0069f9a0f4c57f98fd05b524473952556406244649d632d25f8646/pydantic_core-2.50.0-cp314-cp314t-win32.whl", hash = "sha256:36f9ed6ae1069913e4f6e86d8233e119e83e00a20c54f88faf9c81292f2fecc0" },
    { url = "https://mirrors.sustech.edu.cn/pypi/web/packages/27/4e/cd10a1fbd1ba1d730871e382ec2ac550487465c7c9be1a72b3f4f9181817/pydantic_core-2.50.0-cp314-cp314t-win_amd64.whl", hash = "sha256:980c81c2ec53ea9eb2227c14b3e6de35670b2de163b638f2a803e90a3bd5bbb0" },
    { url = "https://mirrors.sustech.edu.cn/pypi/web/packages/b0/b1/a766eadfbc16b58d401f63dde3bf4e0943dcd2402011b6b8d9de2031ebe0/pydantic_core-2.50.0-cp314-cp314t-win_arm64.whl", hash = "sha256:dec0dafc116ac29a84d143fdbc3b83fdb5d4ed339276be2251154537ab30e14d" },
    { url = "https://mirrors.sustech.edu.cn/pypi/web/packages/ae/d8/43d0e765a80d6fc7d87b5f66a9023777aad6da7e7d64f486a4c2be8158b7/pydantic_core-2.50.0-cp315-cp315-macosx_10_12_x86_64.whl", hash = "sha256:af2b808a79bb04075e87c81a5b6179365b93f9a851f29dafd67abff72085d0c8" },
    { url = "https://mirrors.sustech.edu.cn/pypi/web/packages/9c/12/07e047c21ad90f184c7e8bfc6c9966b9ca51d4698e1a06460b65ca2ce105/pydantic_core-2.50.0-cp315-cp315-macosx_11_0_arm64.whl", hash = "sha256:2918547195ffb20118b829fdb8938e9dc92c9527fe6cbe58572594c96362880e" },
    { url = "https://mirrors.sustech.edu.cn/pypi/web/packages/d8/a9/fb26fdd343ead65a699245c9d2150e84c47496a9b250859214a90cceecc9/pydantic_core-2.50.0-cp315-cp315-manylinux_2_17_aarch64.manylinux2014_aarch64.whl", hash = "sha256:0393763d66f6f61715488d074a2cefac04aeb3ee281e36fb4925dd44deaf9e17" },
    { url = "https://mirrors.sustech.edu.cn/pypi/web/packages/f8/4d/9fc4ea28a8ecc1b85fe77a616f8df9a51696476aaa93c5b256269d025044/pydantic_core-2.50.0-cp315-cp315-manylinux_2_17_armv7l.manylinux2014_armv7l.whl", hash = "sha256:62ec6568896e0abf258cbcd22c406c1c8bf27d16224b21bec8f75c4ae88a8173" },
    { url = "https://mirrors.sustech.edu.cn/pypi/web/packages/70/7e/74b55196339413d787b283c2568cca4679b0645e48229421228acfa8839f/pydantic_core-2.50.0-cp315-cp315-manylinux_2_17_ppc64le.manylinux2014_ppc64le.whl", hash = "sha256:ec786cb9d597dd75d993f8c1273e31bb2114c9bc22f67fba611e654e8347701b" },
    { url = "https://mirrors.sustech.edu.cn/pypi/web/packages/ba/0e/4ebc7a851f0ef63fcaba205739c171e50dd183f8d79dcf0099c3b46aa60b/pydantic_core-2.50.0-cp315-cp315-manylinux_2_17_s390x.manylinux2014_s390x.whl", hash = "sha256:3fce74add1099da1ea09473268950270071fd56773e2968604efb3ab1d240e02" },
    { url = "https://mirrors.sustech.edu.cn/pypi/web/packages/07/09/03d3524fc7d4960840e32fd88c8cf487b5516daa7b6845ffc74274e0247a/pydantic_core-2.50.0-cp315-cp315-manylinux_2_17_x86_64.manylinux2014_x86_64.whl", hash = "sha256:243088c95e23b12db9f2cd7661d584a3f00814e087489f40cde7f9feac56b694" },
    { url = "https://mirrors.sustech.edu.cn/pypi/web/packages/f6/b9/7c530c84049089033dd746700bfbb51520ed9376bc90f3dbbcb319880acf/pydantic_core-2.50.0-cp315-cp315-manylinux_2_31_riscv64.whl", hash = "sha256:42a56b0052ac11d9d0d87b1c94a1ce52e31914fd133f269585e0f63a4ed988f2" },
    { url = "https://mirrors.sustech.edu.cn/pypi/web/packages/0a/08/70e07379ebc2538c22f8c372a37c009b96a3a1bd7921aee1dad28ee41be0/pydantic_core-2.50.0-cp315-cp315-manylinux_2_5_i686.manylinux1_i686.whl", hash = "sha256:350001f5573451150d919722ee095aa28bec037d6e23b86d7f04581a910fe924" },
    { url = "https://mirrors.sustech.edu.cn/pypi/web/packages/66/49/294810baacae4b088bfac60edab06036951e5ae6e0c20e8f6cfef7d70f66/pydantic_core-2.50.0-cp315-cp315-musllinux_1_1_aarch64.whl", hash = "sha256:21e38a011783d8afc8b9d79928e273d06f349b52ae84edf63ec18ad07f077484" },
    { url = "https://mirrors.sustech.edu.cn/pypi/web/packages/c3/0e/6990b812f124cf3564b36492799df7a66cd3cf5678004ffe65dda85b136b/pydantic_core-2.50.0-cp315-cp315-musllinux_1_1_armv7l.whl", hash = "sha256:588d309ce5c85448379556d72011b191c0414ee2e80d7c3f1ebe2ceb2d9027b1" },
    { url = "https://mirrors.sustech.edu.cn/pypi/web/packages/a8/c4/f8f1a763550a077c51d2c69b7a32db56d1b54e61c613bc19e6c7fd2e7cb2/pydantic_core-2.50.0-cp315-cp315-musllinux_1_1_x86_64.whl", hash = "sha256:a8ee3965e01f10e4ff92ba1727626328ab7ba93bcd5674ff2b78ea1048ee0cea" },
    { url = "https://mirrors.sustech.edu.cn/pypi/web/packages/9d/83/7a09baa1e0e4710be47b84aaf808e7b86247d7fa43251ac8934099113f8d/pydantic_core-2.50.0-cp315-cp315-win32.whl", hash = "sha256:c05b75ef3574c9ee4e05bbcf8513f7ccb155d426514be9efef5f6f53152d5f5c" },
    { url = "https://mirrors.sustech.edu.cn/pypi/web/packages/ce/a9/f1cf61f747538834ea2c14c442264e4f29663c95294ad7933867633a1dea/pydantic_core-2.50.0-cp315-cp315-win_amd64.whl", hash = "sha256:8447678b49412294801c9ea15ae31ea3bae7da65425268c92d40e032c38eac6f" },
    { url = "https://mirrors.sustech.edu.cn/pypi/web/packages/30/c8/9871261b760672cfa334498d94bc7dcbff2495345e639e806127f7087254/pydantic_core-2.50.0-cp315-cp315-win_arm64.whl", hash = "sha256:92016718bcf3e6f35a6bd986880191a8da7a35aa1f5b1e97544582ef938464cf" },
    { url = "https://mirrors.sustech.edu.cn/pypi/web/packages/de/3c/5107269aee5ee7855fa370ff837998792dbf124b8545244c370bec251a66/pydantic_core-2.50.0-cp315-cp315t-macosx_10_12_x86_64.whl", hash = "sha256:71061800a3c225e730f7997f8a7fad6e0d0dcbe36609cdc7e60576a099a2832b" },
    { url = "https://mirrors.sustech.edu.cn/pypi/web/packages/fe/ac/cb179b0c404337ef517515539f9899164a6d3d43d5c79c2556165da211c1/pydantic_core-2.50.0-cp315-cp315t-macosx_11_0_arm64.whl", hash = "sha256:bc87bd34239835c8d73171acd039e591cea0a2ca8615e6188044ad170a40fca1" },
    { url = "https://mirrors.sustech.edu.cn/pypi/web/packages/b0/59/ef1714204f145e9497ab71e8bd82c5e40b5adf365d420be777d1e047cdaf/pydantic_core-2.50.0-cp315-cp315t-manylinux_2_17_aarch64.manylinux2014_aarch64.whl", hash = "sha256:57c0e5b26d82bf31ab2b044781527b1b1a36e9ed400856b6aca5097eb1abb909" },
    { url = "https://mirrors.sustech.edu.cn/pypi/web/packages/87/e9/08a3ade34b4af09a83740b62a4442b7623127d388fc21d4938798dd85a26/pydantic_core-2.50.0-cp315-cp315t-manylinux_2_17_armv7l.manylinux2014_armv7l.whl", hash = "sha256:41b9f2821f0a105f88cd54ad03fe1392ec600618ffa8610f7c5e466ecd98c531" },
    { url = "https://mirrors.sustech.edu.cn/pypi/web/packages/2a/56/29aa3e540d3aca72139e5b7dc56395a940849d85da2b7a9ccfbff71d0928/pydantic_core-2.50.0-cp315-cp315t-manylinux_2_17_ppc64le.manylinux2014_ppc64le.whl", hash = "sha256:364f62d8024997536e57865cb1c8b36effad3249bf392a29a2379ea69db28238" },
    { url = "https://mirrors.sustech.edu.cn/pypi/web/packages/76/63/a5cbdde0a2090c47002819d85317428e15b41d22e581cf38e9714b4903af/pydantic_core-2.50.0-cp315-cp315t-manylinux_2_17_s390x.manylinux2014_s390x.whl", hash = "sha256:955d7878130dfc124d6a5343e1b87d2933244fe14a4a0a3e98787e8e660a8eb4" },
    { url = "https://mirrors.sustech.edu.cn/pypi/web/packages/c5/55/fff3a363b0dcf72fdd72311c676b1fa769f2c13342129c694b2eb9886580/pydantic_core-2.50.0-cp315-cp315t-manylinux_2_17_x86_64.manylinux2014_x86_64.whl", hash = "sha256:cf81432281af66ba3285b26b09c2d478d84730dc50ff90926c1bdcef54048a33" },
    { url = "https://mirrors.sustech.edu.cn/pypi/web/packages/b7/f3/0062361fd2377185d322dc84cd05ec4b96da352195c89939c7b509664721/pydantic_core-2.50.0-cp315-cp315t-manylinux_2_31_riscv64.whl", hash = "sha256:34a4a0938eb30931baca56e55786c5a6871ac7aa891a38c8cabcdb7e49dab91b" },
    { url = "https://mirrors.sustech.edu.cn/pypi/web/packages/f9/45/662e3870143d5f1632a02ceb9ce2d5168e88caf3da80e9b42f495ceb1284/pydantic_core-2.50.0-cp315-cp315t-manylinux_2_5_i686.manylinux1_i686.whl", hash = "sha256:f517a417cd02aa8fb05b603a0ac6d87b7b004c3ba4fcd279cad25cab7229043b" },
    { url = "https://mirrors.sustech.edu.cn/pypi/web/packages/32/5e/8b14ebf111700362c6e519e40209d86f521da81ef171b2891af0bb5de311/pydantic_core-2.50.0-cp315-cp315t-musllinux_1_1_aarch64.whl", hash = "sha256:d01029d54ff1f45c195b1f7e6fbf6e58fb7e7e12cda9a6e639570d9c581decb2" },
    { url = "https://mirrors.sustech.edu.cn/pypi/web/packages/55/29/85c486e0d25a8b523803032e97d7138edb7b7bc887fa8c6dd085e8824cdb/pydantic_core-2.50.0-cp315-cp315t-musllinux_1_1_armv7l.whl", hash = "sha256:d06dbbfe8da01a0574de27afc19915bb3e7dddfbd184bb97e958f94051d8531b" },
    { url = "https://mirrors.sustech.edu.cn/pypi/web/packages/12/bf/c451db7567e92d6601c4d2f6bdbb945cf60104182e2b241d8fe0b6f01414/pydantic_core-2.50.0-cp315-cp315t-musllinux_1_1_x86_64.whl", hash = "sha256:5307a8bd49158b57a0ca4e10950d31085aa35d9007e934047043ccc6d28eea97" },
    { url = "https://mirrors.sustech.edu.cn/pypi/web/packages/43/1e/5b93a2513ced099acb0dc4dd6684742d6564ade60a59abcbabd161624e07/pydantic_core-2.50.0-cp315-cp315t-win32.whl", hash = "sha256:c2b246fa7cbdf9918488d1542a82bbb928cf71bcba66905c24131981e759ff0b" },
    { url = "https://mirrors.sustech.edu.cn/pypi/web/packages/37/f5/1b5967e31b025a23f2f627ffea1f5a874cff0adb72fa5f5af6bb36394ad9/pydantic_core-2.50.0-cp315-cp315t-win_amd64.whl", hash = "sha256:36c49d4e1769127461b609f110d91963790091ffcc2de401ac1d3b2f6a63bd54" },
    { url = "https://mirrors.sustech.edu.cn/pypi/web/packages/48/15/213d6fe84816e8a5ed7b7539ecebb3f14c20739c2469f4e372f0f15bb042/pydantic_core-2.50.0-cp315-cp315t-win_arm64.whl", hash = "sha256:f3abcabb04503023e1053add24472e78878de0bfd5c8a93686be01f4032c363c" },
]

[[package]]
name = "pyyaml"
version = "6.0.3"
source = { registry = "https://mirrors.cernet.edu.cn/pypi/web/simple" }
sdist = { url = "https://mirrors.sustech.edu.cn/pypi/web/packages/05/8e/961c0007c59b8dd7729d542c61a4d537767a59645b82a0b521206e1e25c2/pyyaml-6.0.3.tar.gz", hash = "sha256:d76623373421df22fb4cf8817020cbb7ef15c725b9d5e45f17e189bfc384190f" }
wheels = [
    { url = "https://mirrors.sustech.edu.cn/pypi/web/packages/d1/11/0fd08f8192109f7169db964b5707a2f1e8b745d4e239b784a5a1dd80d1db/pyyaml-6.0.3-cp313-cp313-macosx_10_13_x86_64.whl", hash = "sha256:8da9669d359f02c0b91ccc01cac4a67f16afec0dac22c2ad09f46bee0697eba8" },
    { url = "https://mirrors.sustech.edu.cn/pypi/web/packages/b1/16/95309993f1d3748cd644e02e38b75d50cbc0d9561d21f390a76242ce073f/pyyaml-6.0.3-cp313-cp313-macosx_11_0_arm64.whl", hash = "sha256:2283a07e2c21a2aa78d9c4442724ec1eb15f5e42a723b99cb3d822d48f5f7ad1" },
    { url = "https://mirrors.sustech.edu.cn/pypi/web/packages/50/31/b20f376d3f810b9b2371e72ef5adb33879b25edb7a6d072cb7ca0c486398/pyyaml-6.0.3-cp313-cp313-manylinux2014_aarch64.manylinux_2_17_aarch64.manylinux_2_28_aarch64.whl", hash = "sha256:ee2922902c45ae8ccada2c5b501ab86c36525b883eff4255313a253a3160861c" },
    { url = "https://mirrors.sustech.edu.cn/pypi/web/packages/49/1e/a55ca81e949270d5d4432fbbd19dfea5321eda7c41a849d443dc92fd1ff7/pyyaml-6.0.3-cp313-cp313-manylinux2014_s390x.manylinux_2_17_s390x.manylinux_2_28_s390x.whl", hash = "sha256:a33284e20b78bd4a18c8c2282d549d10bc8408a2a7ff57653c0cf0b9be0afce5" },
    { url = "https://mirrors.sustech.edu.cn/pypi/web/packages/74/27/e5b8f34d02d9995b80abcef563ea1f8b56d20134d8f4e5e81733b1feceb2/pyyaml-6.0.3-cp313-cp313-manylinux2014_x86_64.manylinux_2_17_x86_64.manylinux_2_28_x86_64.whl", hash = "sha256:0f29edc409a6392443abf94b9cf89ce99889a1dd5376d94316ae5145dfedd5d6" },
    { url = "https://mirrors.sustech.edu.cn/pypi/web/packages/f9/11/ba845c23988798f40e52ba45f34849aa8a1f2d4af4b798588010792ebad6/pyyaml-6.0.3-cp313-cp313-musllinux_1_2_aarch64.whl", hash = "sha256:f7057c9a337546edc7973c0d3ba84ddcdf0daa14533c2065749c9075001090e6" },
    { url = "https://mirrors.sustech.edu.cn/pypi/web/packages/3d/e0/7966e1a7bfc0a45bf0a7fb6b98ea03fc9b8d84fa7f2229e9659680b69ee3/pyyaml-6.0.3-cp313-cp313-musllinux_1_2_x86_64.whl", hash = "sha256:eda16858a3cab07b80edaf74336ece1f986ba330fdb8ee0d6c0d68fe82bc96be" },
    { url = "https://mirrors.sustech.edu.cn/pypi/web/packages/de/94/980b50a6531b3019e45ddeada0626d45fa85cbe22300844a7983285bed3b/pyyaml-6.0.3-cp313-cp313-win32.whl", hash = "sha256:d0eae10f8159e8fdad514efdc92d74fd8d682c933a6dd088030f3834bc8e6b26" },
    { url = "https://mirrors.sustech.edu.cn/pypi/web/packages/97/c9/39d5b874e8b28845e4ec2202b5da735d0199dbe5b8fb85f91398814a9a46/pyyaml-6.0.3-cp313-cp313-win_amd64.whl", hash = "sha256:79005a0d97d5ddabfeeea4cf676af11e647e41d81c9a7722a193022accdb6b7c" },
    { url = "https://mirrors.sustech.edu.cn/pypi/web/packages/73/e8/2bdf3ca2090f68bb3d75b44da7bbc71843b19c9f2b9cb9b0f4ab7a5a4329/pyyaml-6.0.3-cp313-cp313-win_arm64.whl", hash = "sha256:5498cd1645aa724a7c71c8f378eb29ebe23da2fc0d7a08071d89469bf1d2defb" },
    { url = "https://mirrors.sustech.edu.cn/pypi/web/packages/9d/8c/f4bd7f6465179953d3ac9bc44ac1a8a3e6122cf8ada906b4f96c60172d43/pyyaml-6.0.3-cp314-cp314-macosx_10_13_x86_64.whl", hash = "sha256:8d1fab6bb153a416f9aeb4b8763bc0f22a5586065f86f7664fc23339fc1c1fac" },
    { url = "https://mirrors.sustech.edu.cn/pypi/web/packages/bd/9c/4d95bb87eb2063d20db7b60faa3840c1b18025517ae857371c4dd55a6b3a/pyyaml-6.0.3-cp314-cp314-macosx_11_0_arm64.whl", hash = "sha256:34d5fcd24b8445fadc33f9cf348c1047101756fd760b4dacb5c3e99755703310" },
    { url = "https://mirrors.sustech.edu.cn/pypi/web/packages/92/b5/47e807c2623074914e29dabd16cbbdd4bf5e9b2db9f8090fa64411fc5382/pyyaml-6.0.3-cp314-cp314-manylinux2014_aarch64.manylinux_2_17_aarch64.manylinux_2_28_aarch64.whl", hash = "sha256:501a031947e3a9025ed4405a168e6ef5ae3126c59f90ce0cd6f2bfc477be31b7" },
    { url = "https://mirrors.sustech.edu.cn/pypi/web/packages/02/9e/e5e9b168be58564121efb3de6859c452fccde0ab093d8438905899a3a483/pyyaml-6.0.3-cp314-cp314-manylinux2014_s390x.manylinux_2_17_s390x.manylinux_2_28_s390x.whl", hash = "sha256:b3bc83488de33889877a0f2543ade9f70c67d66d9ebb4ac959502e12de895788" },
    { url = "https://mirrors.sustech.edu.cn/pypi/web/packages/88/f9/16491d7ed2a919954993e48aa941b200f38040928474c9e85ea9e64222c3/pyyaml-6.0.3-cp314-cp314-manylinux2014_x86_64.manylinux_2_17_x86_64.manylinux_2_28_x86_64.whl", hash = "sha256:c458b6d084f9b935061bc36216e8a69a7e293a2f1e68bf956dcd9e6cbcd143f5" },
    { url = "https://mirrors.sustech.edu.cn/pypi/web/packages/dd/3f/5989debef34dc6397317802b527dbbafb2b4760878a53d4166579111411e/pyyaml-6.0.3-cp314-cp314-musllinux_1_2_aarch64.whl", hash = "sha256:7c6610def4f163542a622a73fb39f534f8c101d690126992300bf3207eab9764" },
    { url = "https://mirrors.sustech.edu.cn/pypi/web/packages/d7/ce/af88a49043cd2e265be63d083fc75b27b6ed062f5f9fd6cdc223ad62f03e/pyyaml-6.0.3-cp314-cp314-musllinux_1_2_x86_64.whl", hash = "sha256:5190d403f121660ce8d1d2c1bb2ef1bd05b5f68533fc5c2ea899bd15f4399b35" },
    { url = "https://mirrors.sustech.edu.cn/pypi/web/packages/23/20/bb6982b26a40bb43951265ba29d4c246ef0ff59c9fdcdf0ed04e0687de4d/pyyaml-6.0.3-cp314-cp314-win_amd64.whl", hash = "sha256:4a2e8cebe2ff6ab7d1050ecd59c25d4c8bd7e6f400f5f82b96557ac0abafd0ac" },
    { url = "https://mirrors.sustech.edu.cn/pypi/web/packages/f4/f4/a4541072bb9422c8a883ab55255f918fa378ecf083f5b85e87fc2b4eda1b/pyyaml-6.0.3-cp314-cp314-win_arm64.whl", hash = "sha256:93dda82c9c22deb0a405ea4dc5f2d0cda384168e466364dec6255b293923b2f3" },
    { url = "https://mirrors.sustech.edu.cn/pypi/web/packages/7c/f9/07dd09ae774e4616edf6cda684ee78f97777bdd15847253637a6f052a62f/pyyaml-6.0.3-cp314-cp314t-macosx_10_13_x86_64.whl", hash = "sha256:02893d100e99e03eda1c8fd5c441d8c60103fd175728e23e431db1b589cf5ab3" },
    { url = "https://mirrors.sustech.edu.cn/pypi/web/packages/4e/78/8d08c9fb7ce09ad8c38ad533c1191cf27f7ae1effe5bb9400a46d9437fcf/pyyaml-6.0.3-cp314-cp314t-macosx_11_0_arm64.whl", hash = "sha256:c1ff362665ae507275af2853520967820d9124984e0f7466736aea23d8611fba" },
    { url = "https://mirrors.sustech.edu.cn/pypi/web/packages/7b/5b/3babb19104a46945cf816d047db2788bcaf8c94527a805610b0289a01c6b/pyyaml-6.0.3-cp314-cp314t-manylinux2014_aarch64.manylinux_2_17_aarch64.manylinux_2_28_aarch64.whl", hash = "sha256:6adc77889b628398debc7b65c073bcb99c4a0237b248cacaf3fe8a557563ef6c" },
    { url = "https://mirrors.sustech.edu.cn/pypi/web/packages/8b/cc/dff0684d8dc44da4d22a13f35f073d558c268780ce3c6ba1b87055bb0b87/pyyaml-6.0.3-cp314-cp314t-manylinux2014_s390x.manylinux_2_17_s390x.manylinux_2_28_s390x.whl", hash = "sha256:a80cb027f6b349846a3bf6d73b5e95e782175e52f22108cfa17876aaeff93702" },
    { url = "https://mirrors.sustech.edu.cn/pypi/web/packages/b1/5e/f77dc6b9036943e285ba76b49e118d9ea929885becb0a29ba8a7c75e29fe/pyyaml-6.0.3-cp314-cp314t-manylinux2014_x86_64.manylinux_2_17_x86_64.manylinux_2_28_x86_64.whl", hash = "sha256:00c4bdeba853cc34e7dd471f16b4114f4162dc03e6b7afcc2128711f0eca823c" },
    { url = "https://mirrors.sustech.edu.cn/pypi/web/packages/ce/88/a9db1376aa2a228197c58b37302f284b5617f56a5d959fd1763fb1675ce6/pyyaml-6.0.3-cp314-cp314t-musllinux_1_2_aarch64.whl", hash = "sha256:66e1674c3ef6f541c35191caae2d429b967b99e02040f5ba928632d9a7f0f065" },
    { url = "https://mirrors.sustech.edu.cn/pypi/web/packages/da/92/1446574745d74df0c92e6aa4a7b0b3130706a4142b2d1a5869f2eaa423c6/pyyaml-6.0.3-cp314-cp314t-musllinux_1_2_x86_64.whl", hash = "sha256:16249ee61e95f858e83976573de0f5b2893b3677ba71c9dd36b9cf8be9ac6d65" },
    { url = "https://mirrors.sustech.edu.cn/pypi/web/packages/f0/7a/1c7270340330e575b92f397352af856a8c06f230aa3e76f86b39d01b416a/pyyaml-6.0.3-cp314-cp314t-win_amd64.whl", hash = "sha256:4ad1906908f2f5ae4e5a8ddfce73c320c2a1429ec52eafd27138b7f1cbe341c9" },
    { url = "https://mirrors.sustech.edu.cn/pypi/web/packages/f1/12/de94a39c2ef588c7e6455cfbe7343d3b2dc9d6b6b2f40c4c6565744c873d/pyyaml-6.0.3-cp314-cp314t-win_arm64.whl", hash = "sha256:ebc55a14a21cb14062aa4162f906cd962b28e2e9ea38f9b4391244cd8de4ae0b" },
]

[[package]]
name = "starlette"
version = "1.7.0"
source = { registry = "https://mirrors.cernet.edu.cn/pypi/web/simple" }
dependencies = [
    { name = "anyio" },
]
sdist = { url = "https://mirrors.sustech.edu.cn/pypi/web/packages/7b/2b/3850dc6bf7ef71b088962eba31dafc6cffd2f96e577ebb0bb316df96da3e/starlette-1.7.0.tar.gz", hash = "sha256:c79f74ea63cff761804fbbfb182f1e0b440c2d07b164d24700c5a1bab5d6ff5d" }
wheels = [
    { url = "https://mirrors.sustech.edu.cn/pypi/web/packages/4e/d6/1ec1b290f9e0fb067899b61e1d37a30c923068bad260b216dbe37a7d2967/starlette-1.7.0-py3-none-any.whl", hash = "sha256:67f8e99895493dd2911a03f11314af6ceebeae4e704bb9f43dfc6a9db151c93e" },
]

[[package]]
name = "typing-extensions"
version = "4.16.0"
source = { registry = "https://mirrors.cernet.edu.cn/pypi/web/simple" }
sdist = { url = "https://mirrors.sustech.edu.cn/pypi/web/packages/f6/cc/6253133b5bb138fc3306cebfbda2c520f545d36b5be2c7255cc528bb45d6/typing_extensions-4.16.0.tar.gz", hash = "sha256:dc983d19a509c94dba722ee6abd33940f7c05a89e243c47e907eb4db6f1a43e5" }
wheels = [
    { url = "https://mirrors.sustech.edu.cn/pypi/web/packages/49/d3/b8441a820a491ddfc024b0b0cf0393375b75ea13866d9c66727e54c2fc80/typing_extensions-4.16.0-py3-none-any.whl", hash = "sha256:481caa481374e813c1b176ada14e97f1f67a4539ce9cfeb3f350d78d6370c2e8" },
]

[[package]]
name = "typing-inspection"
version = "0.4.4"
source = { registry = "https://mirrors.cernet.edu.cn/pypi/web/simple" }
dependencies = [
    { name = "typing-extensions" },
]
sdist = { url = "https://mirrors.sustech.edu.cn/pypi/web/packages/a3/26/b09b8010994eccc3c09092e6b34058f36a460eea2d4c3e8b910c695975a0/typing_inspection-0.4.4.tar.gz", hash = "sha256:547274fa6b0a561ccf549cc9524b999a578e737d015d8709d021f9d0d13bea47" }
wheels = [
    { url = "https://mirrors.sustech.edu.cn/pypi/web/packages/67/81/4add07e5172b7ac40d8ed5ff580409a7801a4fe26d529bdd915401dabfbe/typing_inspection-0.4.4-py3-none-any.whl", hash = "sha256:65b8397ba37ccbce054456aaccddfc91e6e3083c92824df348d96ca832f3f147" },
]

[[package]]
name = "ua-parser"
version = "1.0.2"
source = { registry = "https://mirrors.cernet.edu.cn/pypi/web/simple" }
dependencies = [
    { name = "ua-parser-builtins" },
]
sdist = { url = "https://mirrors.sustech.edu.cn/pypi/web/packages/90/98/5e4b52d772a048af122a6fc5ce365c311efb9f5e79c55fd4fdd7c9f59e83/ua_parser-1.0.2.tar.gz", hash = "sha256:bab404ad42fb37f943107da2f6003ffc79724d11cc95076a7a539513371779da" }
wheels = [
    { url = "https://mirrors.sustech.edu.cn/pypi/web/packages/a9/7c/6367995ff57aaa2d9e1055adbaec2519cf5a979780a83a93fdf8c6ec37be/ua_parser-1.0.2-py3-none-any.whl", hash = "sha256:0f8e6d0484af2a9ff804bba5a4fe696e87c028eaba98ad9a7dfae873fef7788a" },
]

[[package]]
name = "ua-parser-builtins"
version = "202610"
source = { registry = "https://mirrors.cernet.edu.cn/pypi/web/simple" }
wheels = [
    { url = "https://mirrors.sustech.edu.cn/pypi/web/packages/97/e4/16e330a5cc8b2fa66d01f1a71c21750693a60fe9fc02751c0d1f43a0269c/ua_parser_builtins-202610-py3-none-any.whl", hash = "sha256:ed4b7c4c665323a5f4b2f118af86369412a9bb92e349a120f58f210127e30586" },
]

[[package]]
name = "user-agents"
version = "2.2.0"
source = { registry = "https://mirrors.cernet.edu.cn/pypi/web/simple" }
dependencies = [
    { name = "ua-parser" },
]
sdist = { url = "https://mirrors.sustech.edu.cn/pypi/web/packages/e3/e1/63c5bfb485a945010c8cbc7a52f85573561737648d36b30394248730a7bc/user-agents-2.2.0.tar.gz", hash = "sha256:d36d25178db65308d1458c5fa4ab39c9b2619377010130329f3955e7626ead26" }
wheels = [
    { url = "https://mirrors.sustech.edu.cn/pypi/web/packages/8f/1c/20bb3d7b2bad56d881e3704131ddedbb16eb787101306887dff349064662/user_agents-2.2.0-py3-none-any.whl", hash = "sha256:a98c4dc72ecbc64812c4534108806fb0a0b3a11ec3fd1eafe807cee5b0a942e7" },
]

[[package]]
name = "uvicorn"
version = "0.54.0"
source = { registry = "https://mirrors.cernet.edu.cn/pypi/web/simple" }
dependencies = [
    { name = "click" },
    { name = "h11" },
]
sdist = { url = "https://mirrors.sustech.edu.cn/pypi/web/packages/da/34/30e9280707135d2cfc589dfff3cb796bd07a3aeb1a3e415ba09dd89d7bb4/uvicorn-0.54.0.tar.gz", hash = "sha256:a2e33cbfaa0306f8e6b0c13e0cb89d7d7a2da3e62b90c66e18c33d9807b28620" }
wheels = [
    { url = "https://mirrors.sustech.edu.cn/pypi/web/packages/38/0c/b54a4fdd7f90a3af8b02ebc9ce6712c2c208b7926a2f7bad95c33ebbe943/uvicorn-0.54.0-py3-none-any.whl", hash = "sha256:505bdb0f318731d45f1f712071fc781a8981f6847a31c902c9f5e652d4f67faf" },
]

[[package]]
name = "win32-setctime"
version = "1.2.0"
source = { registry = "https://mirrors.cernet.edu.cn/pypi/web/simple" }
sdist = { url = "https://mirrors.sustech.edu.cn/pypi/web/packages/b3/8f/705086c9d734d3b663af0e9bb3d4de6578d08f46b1b101c2442fd9aecaa2/win32_setctime-1.2.0.tar.gz", hash = "sha256:ae1fdf948f5640aae05c511ade119313fb6a30d7eabe25fef9764dca5873c4c0" }
wheels = [
    { url = "https://mirrors.sustech.edu.cn/pypi/web/packages/e1/07/c6fe3ad3e685340704d314d765b7912993bcb8dc198f0e7a89382d37974b/win32_setctime-1.2.0-py3-none-any.whl", hash = "sha256:95d644c4e708aba81dc3704a116d8cbc974d70b3bdb8be1d150e36be6e9d1390" },
]
